<Solution>
  <Folder Name="/src/">
    <Project Path="src/Pitwall.Contracts/Pitwall.Contracts.csproj" />
    <Project Path="src/Pitwall.Replayer/Pitwall.Replayer.csproj" />
  </Folder>
  <Folder Name="/tools/" />
  <Folder Name="/tools/openf1-downloader/">
    <Project Path="tools/openf1-downloader/Pitwall.Tools.OpenF1Downloader.csproj" />
  </Folder>
</Solution>
